# This file is generated by running "yarn install" inside your project.
# Manual changes might be lost - proceed with caution!

__metadata:
  version: 4
  cacheKey: 7

"@types/node@npm:^15.3.0":
  version: 15.3.0
  resolution: "@types/node@npm:15.3.0"
  checksum: 44039665ab71a6ec12e6637a9db4ec3123fdfaf52952ca8028a6f1b37c41c2d380e88d28a41e02693bf9d4815307e0ad938815bf8ffedc5f4d045855fa28db06
  languageName: node
  linkType: hard

"@types/vscode@npm:^1.56.0":
  version: 1.56.0
  resolution: "@types/vscode@npm:1.56.0"
  checksum: 19952726331450e790e98c6396886ec9efcb611931be0f1d6a99bcb2604c8e0c5f548db25aa0d642364a427c600576687b11f781f3317117fd0162e241b6a8f3
  languageName: node
  linkType: hard

"balanced-match@npm:^1.0.0":
  version: 1.0.2
  resolution: "balanced-match@npm:1.0.2"
  checksum: 690643f3009a04289ac401079de5a780aae452f7625fb2884051cc847b231e6521ee15dd6430b066d3cf4bd8bb00bb7ff55b7d134f34b8f0b8c043806796f94e
  languageName: node
  linkType: hard

"brace-expansion@npm:^1.1.7":
  version: 1.1.11
  resolution: "brace-expansion@npm:1.1.11"
  dependencies:
    balanced-match: ^1.0.0
    concat-map: 0.0.1
  checksum: 4c878e25e4858baf801945dfd63eb68feab2e502cf1122f25f3915c0e3bf397af3a93ff6bef0798db41c0d81ef28c08e55daac38058710f749a3b96eee6b8f40
  languageName: node
  linkType: hard

"concat-map@npm:0.0.1":
  version: 0.0.1
  resolution: "concat-map@npm:0.0.1"
  checksum: 554e28d9ee5aa6e061795473ee092cb3d3a2cbdb76c35416e0bb6e03f136d7d07676da387b2ed0ec4106cedbb6534080d9abc48ecc4a92b76406cf2d0c3c0c4b
  languageName: node
  linkType: hard

"fso-tables@workspace:.":
  version: 0.0.0-use.local
  resolution: "fso-tables@workspace:."
  dependencies:
    "@types/node": ^15.3.0
    "@types/vscode": ^1.56.0
    typescript: ^4.2.4
    vscode-languageclient: ^7.0.0
  languageName: unknown
  linkType: soft

"lru-cache@npm:^6.0.0":
  version: 6.0.0
  resolution: "lru-cache@npm:6.0.0"
  dependencies:
    yallist: ^4.0.0
  checksum: b8b78353d2391c0f135cdc245c4744ad41c2efb1a6d98f31bc57a2cf48ebf02de96e4876657c3026673576bf1f1f61fc3fdd77ab00ad1ead737537bf17d8019d
  languageName: node
  linkType: hard

"minimatch@npm:^3.0.4":
  version: 3.0.4
  resolution: "minimatch@npm:3.0.4"
  dependencies:
    brace-expansion: ^1.1.7
  checksum: 47eab9263962cacd5733e274ecad2d8e54b0f8e124ba35ae69189e296058f634a4967b87a98954f86fa5c830ff177caf827ce0136d28717ed3232951fb4fae62
  languageName: node
  linkType: hard

"semver@npm:^7.3.4":
  version: 7.3.5
  resolution: "semver@npm:7.3.5"
  dependencies:
    lru-cache: ^6.0.0
  bin:
    semver: bin/semver.js
  checksum: c53624ddf4b9779bcbf55a1eb8b37074cc44bfeca416f3cc263429408202a8a3c59b00eef8c647d697303bc39b95c022a5c61959221d3814bfb1270ff7c14986
  languageName: node
  linkType: hard

typescript@^4.2.4:
  version: 4.2.4
  resolution: "typescript@npm:4.2.4"
  bin:
    tsc: bin/tsc
    tsserver: bin/tsserver
  checksum: edaede2fa77f56b7fba80ee624a2368ab1216e75b0434d968ccb47ab0a5e2f6d94f848b3b111c1237dd71e988cd376af26370dcdad3b94355c76e759f0dd0a1e
  languageName: node
  linkType: hard

"typescript@patch:typescript@^4.2.4#builtin<compat/typescript>":
  version: 4.2.4
  resolution: "typescript@patch:typescript@npm%3A4.2.4#builtin<compat/typescript>::version=4.2.4&hash=a45b0e"
  bin:
    tsc: bin/tsc
    tsserver: bin/tsserver
  checksum: 3be44317593182e8ce494c114e7ad9b0bb2553a22f3085cc6da4f0a36912c20850daa9be4c898af2ab6fc8b12f430c1c9e46ac715721867cd38643f2350d3ef9
  languageName: node
  linkType: hard

"vscode-jsonrpc@npm:6.0.0":
  version: 6.0.0
  resolution: "vscode-jsonrpc@npm:6.0.0"
  checksum: 18b262ae7bdc089c1e055fe301bb8cedd56206332b5cc6dc1980a7c7c0dfcd69547768286fb7b4759e8d7b9a953e7913d7e8957ff50721bbc0478358fe46f101
  languageName: node
  linkType: hard

"vscode-languageclient@npm:^7.0.0":
  version: 7.0.0
  resolution: "vscode-languageclient@npm:7.0.0"
  dependencies:
    minimatch: ^3.0.4
    semver: ^7.3.4
    vscode-languageserver-protocol: 3.16.0
  checksum: 68ce6495c2d386b35948d443ea66d820d98e42ba62c2b21303d109b8ac840abe27eac4fd3ce5d2e1ff184e25ced02e4b73e3f62bcc4d270b769bdc5da1fd8979
  languageName: node
  linkType: hard

"vscode-languageserver-protocol@npm:3.16.0":
  version: 3.16.0
  resolution: "vscode-languageserver-protocol@npm:3.16.0"
  dependencies:
    vscode-jsonrpc: 6.0.0
    vscode-languageserver-types: 3.16.0
  checksum: b8a0b31433485b440324f66f0c412410cf249fc63e19f465e9ce5c8f1864f862f6fd6bfca21799a94f97d82608731a16067f73018afbab198d4f87ad3e92694e
  languageName: node
  linkType: hard

"vscode-languageserver-types@npm:3.16.0":
  version: 3.16.0
  resolution: "vscode-languageserver-types@npm:3.16.0"
  checksum: 49a66a6e0abe74bc5a6356152bf9ecae3a1aceca660489c26af341eccaed93282f2d4cd07b2feac13c4687855aecd0c73fbab8bdab36138729fecdc8ca109539
  languageName: node
  linkType: hard

"yallist@npm:^4.0.0":
  version: 4.0.0
  resolution: "yallist@npm:4.0.0"
  checksum: a2960ef879af6ee67a76cae29bac9d8bffeb6e9e366c217dbd21464e7fce071933705544724f47e90ba5209cf9c83c17d5582dd04415d86747a826b2a231efb8
  languageName: node
  linkType: hard
